// !$*UTF8*$!
{
	archiveVersion = 1;
	classes = {
	};
	objectVersion = 56;
	objects = {

/* Begin PBXBuildFile section */
		5319055A2986C5C000BA1769 /* Restart_AppApp.swift in Sources */ = {isa = PBXBuildFile; fileRef = 531905592986C5C000BA1769 /* Restart_AppApp.swift */; };
		5319055C2986C5C000BA1769 /* ContentView.swift in Sources */ = {isa = PBXBuildFile; fileRef = 5319055B2986C5C000BA1769 /* ContentView.swift */; };
		5319055E2986C5C100BA1769 /* Assets.xcassets in Resources */ = {isa = PBXBuildFile; fileRef = 5319055D2986C5C100BA1769 /* Assets.xcassets */; };
		531905612986C5C100BA1769 /* Preview Assets.xcassets in Resources */ = {isa = PBXBuildFile; fileRef = 531905602986C5C100BA1769 /* Preview Assets.xcassets */; };
		531905692987225100BA1769 /* chimeup.mp3 in Resources */ = {isa = PBXBuildFile; fileRef = 531905672987225000BA1769 /* chimeup.mp3 */; };
		5319056A2987225100BA1769 /* success.m4a in Resources */ = {isa = PBXBuildFile; fileRef = 531905682987225000BA1769 /* success.m4a */; };
		531905712987258E00BA1769 /* OnboardingView.swift in Sources */ = {isa = PBXBuildFile; fileRef = 531905702987258E00BA1769 /* OnboardingView.swift */; };
		531905732987259900BA1769 /* HomeView.swift in Sources */ = {isa = PBXBuildFile; fileRef = 531905722987259900BA1769 /* HomeView.swift */; };
		53772F3E298766E300FF448A /* CircleGroupView.swift in Sources */ = {isa = PBXBuildFile; fileRef = 53772F3D298766E300FF448A /* CircleGroupView.swift */; };
/* End PBXBuildFile section */

/* Begin PBXFileReference section */
		531905562986C5C000BA1769 /* Restart-App.app */ = {isa = PBXFileReference; explicitFileType = wrapper.application; includeInIndex = 0; path = "Restart-App.app"; sourceTree = BUILT_PRODUCTS_DIR; };
		531905592986C5C000BA1769 /* Restart_AppApp.swift */ = {isa = PBXFileReference; lastKnownFileType = sourcecode.swift; path = Restart_AppApp.swift; sourceTree = "<group>"; };
		5319055B2986C5C000BA1769 /* ContentView.swift */ = {isa = PBXFileReference; lastKnownFileType = sourcecode.swift; path = ContentView.swift; sourceTree = "<group>"; };
		5319055D2986C5C100BA1769 /* Assets.xcassets */ = {isa = PBXFileReference; lastKnownFileType = folder.assetcatalog; path = Assets.xcassets; sourceTree = "<group>"; };
		531905602986C5C100BA1769 /* Preview Assets.xcassets */ = {isa = PBXFileReference; lastKnownFileType = folder.assetcatalog; path = "Preview Assets.xcassets"; sourceTree = "<group>"; };
		531905672987225000BA1769 /* chimeup.mp3 */ = {isa = PBXFileReference; lastKnownFileType = audio.mp3; path = chimeup.mp3; sourceTree = "<group>"; };
		531905682987225000BA1769 /* success.m4a */ = {isa = PBXFileReference; lastKnownFileType = file; path = success.m4a; sourceTree = "<group>"; };
		5319056F298724B100BA1769 /* Info.plist */ = {isa = PBXFileReference; lastKnownFileType = text.plist; path = Info.plist; sourceTree = "<group>"; };
		531905702987258E00BA1769 /* OnboardingView.swift */ = {isa = PBXFileReference; lastKnownFileType = sourcecode.swift; path = OnboardingView.swift; sourceTree = "<group>"; };
		531905722987259900BA1769 /* HomeView.swift */ = {isa = PBXFileReference; lastKnownFileType = sourcecode.swift; path = HomeView.swift; sourceTree = "<group>"; };
		53772F3D298766E300FF448A /* CircleGroupView.swift */ = {isa = PBXFileReference; lastKnownFileType = sourcecode.swift; path = CircleGroupView.swift; sourceTree = "<group>"; };
/* End PBXFileReference section */

/* Begin PBXFrameworksBuildPhase section */
		531905532986C5C000BA1769 /* Frameworks */ = {
			isa = PBXFrameworksBuildPhase;
			buildActionMask = 2147483647;
			files = (
			);
			runOnlyForDeploymentPostprocessing = 0;
		};
/* End PBXFrameworksBuildPhase section */

/* Begin PBXGroup section */
		5319054D2986C5C000BA1769 = {
			isa = PBXGroup;
			children = (
				531905582986C5C000BA1769 /* Restart-App */,
				531905572986C5C000BA1769 /* Products */,
			);
			sourceTree = "<group>";
		};
		531905572986C5C000BA1769 /* Products */ = {
			isa = PBXGroup;
			children = (
				531905562986C5C000BA1769 /* Restart-App.app */,
			);
			name = Products;
			sourceTree = "<group>";
		};
		531905582986C5C000BA1769 /* Restart-App */ = {
			isa = PBXGroup;
			children = (
				5319056F298724B100BA1769 /* Info.plist */,
				531905592986C5C000BA1769 /* Restart_AppApp.swift */,
				5319055D2986C5C100BA1769 /* Assets.xcassets */,
				5319055F2986C5C100BA1769 /* Preview Content */,
				5319056C2987235000BA1769 /* Screens */,
				5319056B2987225F00BA1769 /* Sounds */,
				5319056E2987237E00BA1769 /* Utililties */,
				5319056D2987237200BA1769 /* Views */,
			);
			path = "Restart-App";
			sourceTree = "<group>";
		};
		5319055F2986C5C100BA1769 /* Preview Content */ = {
			isa = PBXGroup;
			children = (
				531905602986C5C100BA1769 /* Preview Assets.xcassets */,
			);
			path = "Preview Content";
			sourceTree = "<group>";
		};
		5319056B2987225F00BA1769 /* Sounds */ = {
			isa = PBXGroup;
			children = (
				531905672987225000BA1769 /* chimeup.mp3 */,
				531905682987225000BA1769 /* success.m4a */,
			);
			path = Sounds;
			sourceTree = "<group>";
		};
		5319056C2987235000BA1769 /* Screens */ = {
			isa = PBXGroup;
			children = (
				5319055B2986C5C000BA1769 /* ContentView.swift */,
				531905702987258E00BA1769 /* OnboardingView.swift */,
				531905722987259900BA1769 /* HomeView.swift */,
			);
			name = Screens;
			sourceTree = "<group>";
		};
		5319056D2987237200BA1769 /* Views */ = {
			isa = PBXGroup;
			children = (
				53772F3D298766E300FF448A /* CircleGroupView.swift */,
			);
			path = Views;
			sourceTree = "<group>";
		};
		5319056E2987237E00BA1769 /* Utililties */ = {
			isa = PBXGroup;
			children = (
			);
			path = Utililties;
			sourceTree = "<group>";
		};
/* End PBXGroup section */

/* Begin PBXNativeTarget section */
		531905552986C5C000BA1769 /* Restart-App */ = {
			isa = PBXNativeTarget;
			buildConfigurationList = 531905642986C5C100BA1769 /* Build configuration list for PBXNativeTarget "Restart-App" */;
			buildPhases = (
				531905522986C5C000BA1769 /* Sources */,
				531905532986C5C000BA1769 /* Frameworks */,
				531905542986C5C000BA1769 /* Resources */,
			);
			buildRules = (
			);
			dependencies = (
			);
			name = "Restart-App";
			productName = "Restart-App";
			productReference = 531905562986C5C000BA1769 /* Restart-App.app */;
			productType = "com.apple.product-type.application";
		};
/* End PBXNativeTarget section */

/* Begin PBXProject section */
		5319054E2986C5C000BA1769 /* Project object */ = {
			isa = PBXProject;
			attributes = {
				BuildIndependentTargetsInParallel = 1;
				LastSwiftUpdateCheck = 1420;
				LastUpgradeCheck = 1420;
				TargetAttributes = {
					531905552986C5C000BA1769 = {
						CreatedOnToolsVersion = 14.2;
					};
				};
			};
			buildConfigurationList = 531905512986C5C000BA1769 /* Build configuration list for PBXProject "Restart-App" */;
			compatibilityVersion = "Xcode 14.0";
			developmentRegion = en;
			hasScannedForEncodings = 0;
			knownRegions = (
				en,
				Base,
			);
			mainGroup = 5319054D2986C5C000BA1769;
			productRefGroup = 531905572986C5C000BA1769 /* Products */;
			projectDirPath = "";
			projectRoot = "";
			targets = (
				531905552986C5C000BA1769 /* Restart-App */,
			);
		};
/* End PBXProject section */

/* Begin PBXResourcesBuildPhase section */
		531905542986C5C000BA1769 /* Resources */ = {
			isa = PBXResourcesBuildPhase;
			buildActionMask = 2147483647;
			files = (
				5319056A2987225100BA1769 /* success.m4a in Resources */,
				531905692987225100BA1769 /* chimeup.mp3 in Resources */,
				531905612986C5C100BA1769 /* Preview Assets.xcassets in Resources */,
				5319055E2986C5C100BA1769 /* Assets.xcassets in Resources */,
			);
			runOnlyForDeploymentPostprocessing = 0;
		};
/* End PBXResourcesBuildPhase section */

/* Begin PBXSourcesBuildPhase section */
		531905522986C5C000BA1769 /* Sources */ = {
			isa = PBXSourcesBuildPhase;
			buildActionMask = 2147483647;
			files = (
				53772F3E298766E300FF448A /* CircleGroupView.swift in Sources */,
				531905712987258E00BA1769 /* OnboardingView.swift in Sources */,
				531905732987259900BA1769 /* HomeView.swift in Sources */,
				5319055C2986C5C000BA1769 /* ContentView.swift in Sources */,
				5319055A2986C5C000BA1769 /* Restart_AppApp.swift in Sources */,
			);
			runOnlyForDeploymentPostprocessing = 0;
		};
/* End PBXSourcesBuildPhase section */

/* Begin XCBuildConfiguration section */
		531905622986C5C100BA1769 /* Debug */ = {
			isa = XCBuildConfiguration;
			buildSettings = {
				ALWAYS_SEARCH_USER_PATHS = NO;
				CLANG_ANALYZER_NONNULL = YES;
				CLANG_ANALYZER_NUMBER_OBJECT_CONVERSION = YES_AGGRESSIVE;
				CLANG_CXX_LANGUAGE_STANDARD = "gnu++20";
				CLANG_ENABLE_MODULES = YES;
				CLANG_ENABLE_OBJC_ARC = YES;
				CLANG_ENABLE_OBJC_WEAK = YES;
				CLANG_WARN_BLOCK_CAPTURE_AUTORELEASING = YES;
				CLANG_WARN_BOOL_CONVERSION = YES;
				CLANG_WARN_COMMA = YES;
				CLANG_WARN_CONSTANT_CONVERSION = YES;
				CLANG_WARN_DEPRECATED_OBJC_IMPLEMENTATIONS = YES;
				CLANG_WARN_DIRECT_OBJC_ISA_USAGE = YES_ERROR;
				CLANG_WARN_DOCUMENTATION_COMMENTS = YES;
				CLANG_WARN_EMPTY_BODY = YES;
				CLANG_WARN_ENUM_CONVERSION = YES;
				CLANG_WARN_INFINITE_RECURSION = YES;
				CLANG_WARN_INT_CONVERSION = YES;
				CLANG_WARN_NON_LITERAL_NULL_CONVERSION = YES;
				CLANG_WARN_OBJC_IMPLICIT_RETAIN_SELF = YES;
				CLANG_WARN_OBJC_LITERAL_CONVERSION = YES;
				CLANG_WARN_OBJC_ROOT_CLASS = YES_ERROR;
				CLANG_WARN_QUOTED_INCLUDE_IN_FRAMEWORK_HEADER = YES;
				CLANG_WARN_RANGE_LOOP_ANALYSIS = YES;
				CLANG_WARN_STRICT_PROTOTYPES = YES;
				CLANG_WARN_SUSPICIOUS_MOVE = YES;
				CLANG_WARN_UNGUARDED_AVAILABILITY = YES_AGGRESSIVE;
				CLANG_WARN_UNREACHABLE_CODE = YES;
				CLANG_WARN__DUPLICATE_METHOD_MATCH = YES;
				COPY_PHASE_STRIP = NO;
				DEBUG_INFORMATION_FORMAT = dwarf;
				ENABLE_STRICT_OBJC_MSGSEND = YES;
				ENABLE_TESTABILITY = YES;
				GCC_C_LANGUAGE_STANDARD = gnu11;
				GCC_DYNAMIC_NO_PIC = NO;
				GCC_NO_COMMON_BLOCKS = YES;
				GCC_OPTIMIZATION_LEVEL = 0;
				GCC_PREPROCESSOR_DEFINITIONS = (
					"DEBUG=1",
					"$(inherited)",
				);
				GCC_WARN_64_TO_32_BIT_CONVERSION = YES;
				GCC_WARN_ABOUT_RETURN_TYPE = YES_ERROR;
				GCC_WARN_UNDECLARED_SELECTOR = YES;
				GCC_WARN_UNINITIALIZED_AUTOS = YES_AGGRESSIVE;
				GCC_WARN_UNUSED_FUNCTION = YES;
				GCC_WARN_UNUSED_VARIABLE = YES;
				IPHONEOS_DEPLOYMENT_TARGET = 16.2;
				MTL_ENABLE_DEBUG_INFO = INCLUDE_SOURCE;
				MTL_FAST_MATH = YES;
				ONLY_ACTIVE_ARCH = YES;
				SDKROOT = iphoneos;
				SWIFT_ACTIVE_COMPILATION_CONDITIONS = DEBUG;
				SWIFT_OPTIMIZATION_LEVEL = "-Onone";
			};
			name = Debug;
		};
		531905632986C5C100BA1769 /* Release */ = {
			isa = XCBuildConfiguration;
			buildSettings = {
				ALWAYS_SEARCH_USER_PATHS = NO;
				CLANG_ANALYZER_NONNULL = YES;
				CLANG_ANALYZER_NUMBER_OBJECT_CONVERSION = YES_AGGRESSIVE;
				CLANG_CXX_LANGUAGE_STANDARD = "gnu++20";
				CLANG_ENABLE_MODULES = YES;
				CLANG_ENABLE_OBJC_ARC = YES;
				CLANG_ENABLE_OBJC_WEAK = YES;
				CLANG_WARN_BLOCK_CAPTURE_AUTORELEASING = YES;
				CLANG_WARN_BOOL_CONVERSION = YES;
				CLANG_WARN_COMMA = YES;
				CLANG_WARN_CONSTANT_CONVERSION = YES;
				CLANG_WARN_DEPRECATED_OBJC_IMPLEMENTATIONS = YES;
				CLANG_WARN_DIRECT_OBJC_ISA_USAGE = YES_ERROR;
				CLANG_WARN_DOCUMENTATION_COMMENTS = YES;
				CLANG_WARN_EMPTY_BODY = YES;
				CLANG_WARN_ENUM_CONVERSION = YES;
				CLANG_WARN_INFINITE_RECURSION = YES;
				CLANG_WARN_INT_CONVERSION = YES;
				CLANG_WARN_NON_LITERAL_NULL_CONVERSION = YES;
				CLANG_WARN_OBJC_IMPLICIT_RETAIN_SELF = YES;
				CLANG_WARN_OBJC_LITERAL_CONVERSION = YES;
				CLANG_WARN_OBJC_ROOT_CLASS = YES_ERROR;
				CLANG_WARN_QUOTED_INCLUDE_IN_FRAMEWORK_HEADER = YES;
				CLANG_WARN_RANGE_LOOP_ANALYSIS = YES;
				CLANG_WARN_STRICT_PROTOTYPES = YES;
				CLANG_WARN_SUSPICIOUS_MOVE = YES;
				CLANG_WARN_UNGUARDED_AVAILABILITY = YES_AGGRESSIVE;
				CLANG_WARN_UNREACHABLE_CODE = YES;
				CLANG_WARN__DUPLICATE_METHOD_MATCH = YES;
				COPY_PHASE_STRIP = NO;
				DEBUG_INFORMATION_FORMAT = "dwarf-with-dsym";
				ENABLE_NS_ASSERTIONS = NO;
				ENABLE_STRICT_OBJC_MSGSEND = YES;
				GCC_C_LANGUAGE_STANDARD = gnu11;
				GCC_NO_COMMON_BLOCKS = YES;
				GCC_WARN_64_TO_32_BIT_CONVERSION = YES;
				GCC_WARN_ABOUT_RETURN_TYPE = YES_ERROR;
				GCC_WARN_UNDECLARED_SELECTOR = YES;
				GCC_WARN_UNINITIALIZED_AUTOS = YES_AGGRESSIVE;
				GCC_WARN_UNUSED_FUNCTION = YES;
				GCC_WARN_UNUSED_VARIABLE = YES;
				IPHONEOS_DEPLOYMENT_TARGET = 16.2;
				MTL_ENABLE_DEBUG_INFO = NO;
				MTL_FAST_MATH = YES;
				SDKROOT = iphoneos;
				SWIFT_COMPILATION_MODE = wholemodule;
				SWIFT_OPTIMIZATION_LEVEL = "-O";
				VALIDATE_PRODUCT = YES;
			};
			name = Release;
		};
		531905652986C5C100BA1769 /* Debug */ = {
			isa = XCBuildConfiguration;
			buildSettings = {
				ASSETCATALOG_COMPILER_APPICON_NAME = AppIcon;
				ASSETCATALOG_COMPILER_GLOBAL_ACCENT_COLOR_NAME = AccentColor;
				CODE_SIGN_STYLE = Automatic;
				CURRENT_PROJECT_VERSION = 1;
				DEVELOPMENT_ASSET_PATHS = "\"Restart-App/Preview Content\"";
				DEVELOPMENT_TEAM = U8D4S9CXDK;
				ENABLE_PREVIEWS = YES;
				GENERATE_INFOPLIST_FILE = YES;
				INFOPLIST_FILE = "Restart-App/Info.plist";
				INFOPLIST_KEY_UIApplicationSceneManifest_Generation = YES;
				INFOPLIST_KEY_UIApplicationSupportsIndirectInputEvents = YES;
				INFOPLIST_KEY_UISupportedInterfaceOrientations = UIInterfaceOrientationPortrait;
				LD_RUNPATH_SEARCH_PATHS = (
					"$(inherited)",
					"@executable_path/Frameworks",
				);
				MARKETING_VERSION = 1.0;
				PRODUCT_BUNDLE_IDENTIFIER = "com.Zac.Johnson.Restart-App";
				PRODUCT_NAME = "$(TARGET_NAME)";
				SWIFT_EMIT_LOC_STRINGS = YES;
				SWIFT_VERSION = 5.0;
				TARGETED_DEVICE_FAMILY = "1,2";
			};
			name = Debug;
		};
		531905662986C5C100BA1769 /* Release */ = {
			isa = XCBuildConfiguration;
			buildSettings = {
				ASSETCATALOG_COMPILER_APPICON_NAME = AppIcon;
				ASSETCATALOG_COMPILER_GLOBAL_ACCENT_COLOR_NAME = AccentColor;
				CODE_SIGN_STYLE = Automatic;
				CURRENT_PROJECT_VERSION = 1;
				DEVELOPMENT_ASSET_PATHS = "\"Restart-App/Preview Content\"";
				DEVELOPMENT_TEAM = U8D4S9CXDK;
				ENABLE_PREVIEWS = YES;
				GENERATE_INFOPLIST_FILE = YES;
				INFOPLIST_FILE = "Restart-App/Info.plist";
				INFOPLIST_KEY_UIApplicationSceneManifest_Generation = YES;
				INFOPLIST_KEY_UIApplicationSupportsIndirectInputEvents = YES;
				INFOPLIST_KEY_UISupportedInterfaceOrientations = UIInterfaceOrientationPortrait;
				LD_RUNPATH_SEARCH_PATHS = (
					"$(inherited)",
					"@executable_path/Frameworks",
				);
				MARKETING_VERSION = 1.0;
				PRODUCT_BUNDLE_IDENTIFIER = "com.Zac.Johnson.Restart-App";
				PRODUCT_NAME = "$(TARGET_NAME)";
				SWIFT_EMIT_LOC_STRINGS = YES;
				SWIFT_VERSION = 5.0;
				TARGETED_DEVICE_FAMILY = "1,2";
			};
			name = Release;
		};
/* End XCBuildConfiguration section */

/* Begin XCConfigurationList section */
		531905512986C5C000BA1769 /* Build configuration list for PBXProject "Restart-App" */ = {
			isa = XCConfigurationList;
			buildConfigurations = (
				531905622986C5C100BA1769 /* Debug */,
				531905632986C5C100BA1769 /* Release */,
			);
			defaultConfigurationIsVisible = 0;
			defaultConfigurationName = Release;
		};
		531905642986C5C100BA1769 /* Build configuration list for PBXNativeTarget "Restart-App" */ = {
			isa = XCConfigurationList;
			buildConfigurations = (
				531905652986C5C100BA1769 /* Debug */,
				531905662986C5C100BA1769 /* Release */,
			);
			defaultConfigurationIsVisible = 0;
			defaultConfigurationName = Release;
		};
/* End XCConfigurationList section */
	};
	rootObject = 5319054E2986C5C000BA1769 /* Project object */;
}
